// !$*UTF8*$!
{
	archiveVersion = 1;
	classes = {
	};
	objectVersion = 55;
	objects = {

/* Begin PBXBuildFile section */
		9258F63F2710FC5D00E35EC9 /* ScrumdingerApp.swift in Sources */ = {isa = PBXBuildFile; fileRef = 9258F63E2710FC5D00E35EC9 /* ScrumdingerApp.swift */; };
		9258F6412710FC5D00E35EC9 /* MeetingView.swift in Sources */ = {isa = PBXBuildFile; fileRef = 9258F6402710FC5D00E35EC9 /* MeetingView.swift */; };
		9258F6432710FC5F00E35EC9 /* Assets.xcassets in Resources */ = {isa = PBXBuildFile; fileRef = 9258F6422710FC5F00E35EC9 /* Assets.xcassets */; };
		9258F6462710FC5F00E35EC9 /* Preview Assets.xcassets in Resources */ = {isa = PBXBuildFile; fileRef = 9258F6452710FC5F00E35EC9 /* Preview Assets.xcassets */; };
		9258F6502710FC5F00E35EC9 /* ScrumdingerTests.swift in Sources */ = {isa = PBXBuildFile; fileRef = 9258F64F2710FC5F00E35EC9 /* ScrumdingerTests.swift */; };
		9258F65A2710FC5F00E35EC9 /* ScrumdingerUITests.swift in Sources */ = {isa = PBXBuildFile; fileRef = 9258F6592710FC5F00E35EC9 /* ScrumdingerUITests.swift */; };
		9258F65C2710FC5F00E35EC9 /* ScrumdingerUITestsLaunchTests.swift in Sources */ = {isa = PBXBuildFile; fileRef = 9258F65B2710FC5F00E35EC9 /* ScrumdingerUITestsLaunchTests.swift */; };
		9258F66A2711011000E35EC9 /* DailyScrum.swift in Sources */ = {isa = PBXBuildFile; fileRef = 9258F6692711011000E35EC9 /* DailyScrum.swift */; };
		9258F66C271101FE00E35EC9 /* CardView.swift in Sources */ = {isa = PBXBuildFile; fileRef = 9258F66B271101FE00E35EC9 /* CardView.swift */; };
		9258F66E271106CA00E35EC9 /* ScrumsView.swift in Sources */ = {isa = PBXBuildFile; fileRef = 9258F66D271106CA00E35EC9 /* ScrumsView.swift */; };
		9258F67027110CB500E35EC9 /* DetailView.swift in Sources */ = {isa = PBXBuildFile; fileRef = 9258F66F27110CB500E35EC9 /* DetailView.swift */; };
		9258F6722711166800E35EC9 /* EditView.swift in Sources */ = {isa = PBXBuildFile; fileRef = 9258F6712711166800E35EC9 /* EditView.swift */; };
/* End PBXBuildFile section */

/* Begin PBXContainerItemProxy section */
		9258F64C2710FC5F00E35EC9 /* PBXContainerItemProxy */ = {
			isa = PBXContainerItemProxy;
			containerPortal = 9258F6332710FC5D00E35EC9 /* Project object */;
			proxyType = 1;
			remoteGlobalIDString = 9258F63A2710FC5D00E35EC9;
			remoteInfo = Scrumdinger;
		};
		9258F6562710FC5F00E35EC9 /* PBXContainerItemProxy */ = {
			isa = PBXContainerItemProxy;
			containerPortal = 9258F6332710FC5D00E35EC9 /* Project object */;
			proxyType = 1;
			remoteGlobalIDString = 9258F63A2710FC5D00E35EC9;
			remoteInfo = Scrumdinger;
		};
/* End PBXContainerItemProxy section */

/* Begin PBXFileReference section */
		9258F63B2710FC5D00E35EC9 /* Scrumdinger.app */ = {isa = PBXFileReference; explicitFileType = wrapper.application; includeInIndex = 0; path = Scrumdinger.app; sourceTree = BUILT_PRODUCTS_DIR; };
		9258F63E2710FC5D00E35EC9 /* ScrumdingerApp.swift */ = {isa = PBXFileReference; lastKnownFileType = sourcecode.swift; path = ScrumdingerApp.swift; sourceTree = "<group>"; };
		9258F6402710FC5D00E35EC9 /* MeetingView.swift */ = {isa = PBXFileReference; lastKnownFileType = sourcecode.swift; path = MeetingView.swift; sourceTree = "<group>"; };
		9258F6422710FC5F00E35EC9 /* Assets.xcassets */ = {isa = PBXFileReference; lastKnownFileType = folder.assetcatalog; path = Assets.xcassets; sourceTree = "<group>"; };
		9258F6452710FC5F00E35EC9 /* Preview Assets.xcassets */ = {isa = PBXFileReference; lastKnownFileType = folder.assetcatalog; path = "Preview Assets.xcassets"; sourceTree = "<group>"; };
		9258F64B2710FC5F00E35EC9 /* ScrumdingerTests.xctest */ = {isa = PBXFileReference; explicitFileType = wrapper.cfbundle; includeInIndex = 0; path = ScrumdingerTests.xctest; sourceTree = BUILT_PRODUCTS_DIR; };
		9258F64F2710FC5F00E35EC9 /* ScrumdingerTests.swift */ = {isa = PBXFileReference; lastKnownFileType = sourcecode.swift; path = ScrumdingerTests.swift; sourceTree = "<group>"; };
		9258F6552710FC5F00E35EC9 /* ScrumdingerUITests.xctest */ = {isa = PBXFileReference; explicitFileType = wrapper.cfbundle; includeInIndex = 0; path = ScrumdingerUITests.xctest; sourceTree = BUILT_PRODUCTS_DIR; };
		9258F6592710FC5F00E35EC9 /* ScrumdingerUITests.swift */ = {isa = PBXFileReference; lastKnownFileType = sourcecode.swift; path = ScrumdingerUITests.swift; sourceTree = "<group>"; };
		9258F65B2710FC5F00E35EC9 /* ScrumdingerUITestsLaunchTests.swift */ = {isa = PBXFileReference; lastKnownFileType = sourcecode.swift; path = ScrumdingerUITestsLaunchTests.swift; sourceTree = "<group>"; };
		9258F6692711011000E35EC9 /* DailyScrum.swift */ = {isa = PBXFileReference; lastKnownFileType = sourcecode.swift; path = DailyScrum.swift; sourceTree = "<group>"; };
		9258F66B271101FE00E35EC9 /* CardView.swift */ = {isa = PBXFileReference; lastKnownFileType = sourcecode.swift; path = CardView.swift; sourceTree = "<group>"; };
		9258F66D271106CA00E35EC9 /* ScrumsView.swift */ = {isa = PBXFileReference; lastKnownFileType = sourcecode.swift; path = ScrumsView.swift; sourceTree = "<group>"; };
		9258F66F27110CB500E35EC9 /* DetailView.swift */ = {isa = PBXFileReference; lastKnownFileType = sourcecode.swift; path = DetailView.swift; sourceTree = "<group>"; };
		9258F6712711166800E35EC9 /* EditView.swift */ = {isa = PBXFileReference; lastKnownFileType = sourcecode.swift; path = EditView.swift; sourceTree = "<group>"; };
/* End PBXFileReference section */

/* Begin PBXFrameworksBuildPhase section */
		9258F6382710FC5D00E35EC9 /* Frameworks */ = {
			isa = PBXFrameworksBuildPhase;
			buildActionMask = 2147483647;
			files = (
			);
			runOnlyForDeploymentPostprocessing = 0;
		};
		9258F6482710FC5F00E35EC9 /* Frameworks */ = {
			isa = PBXFrameworksBuildPhase;
			buildActionMask = 2147483647;
			files = (
			);
			runOnlyForDeploymentPostprocessing = 0;
		};
		9258F6522710FC5F00E35EC9 /* Frameworks */ = {
			isa = PBXFrameworksBuildPhase;
			buildActionMask = 2147483647;
			files = (
			);
			runOnlyForDeploymentPostprocessing = 0;
		};
/* End PBXFrameworksBuildPhase section */

/* Begin PBXGroup section */
		9258F6322710FC5D00E35EC9 = {
			isa = PBXGroup;
			children = (
				9258F63D2710FC5D00E35EC9 /* Scrumdinger */,
				9258F64E2710FC5F00E35EC9 /* ScrumdingerTests */,
				9258F6582710FC5F00E35EC9 /* ScrumdingerUITests */,
				9258F63C2710FC5D00E35EC9 /* Products */,
			);
			sourceTree = "<group>";
		};
		9258F63C2710FC5D00E35EC9 /* Products */ = {
			isa = PBXGroup;
			children = (
				9258F63B2710FC5D00E35EC9 /* Scrumdinger.app */,
				9258F64B2710FC5F00E35EC9 /* ScrumdingerTests.xctest */,
				9258F6552710FC5F00E35EC9 /* ScrumdingerUITests.xctest */,
			);
			name = Products;
			sourceTree = "<group>";
		};
		9258F63D2710FC5D00E35EC9 /* Scrumdinger */ = {
			isa = PBXGroup;
			children = (
				9258F668271100FA00E35EC9 /* Models */,
				9258F63E2710FC5D00E35EC9 /* ScrumdingerApp.swift */,
				9258F6402710FC5D00E35EC9 /* MeetingView.swift */,
				9258F66B271101FE00E35EC9 /* CardView.swift */,
				9258F6422710FC5F00E35EC9 /* Assets.xcassets */,
				9258F6442710FC5F00E35EC9 /* Preview Content */,
				9258F66D271106CA00E35EC9 /* ScrumsView.swift */,
				9258F66F27110CB500E35EC9 /* DetailView.swift */,
				9258F6712711166800E35EC9 /* EditView.swift */,
			);
			path = Scrumdinger;
			sourceTree = "<group>";
		};
		9258F6442710FC5F00E35EC9 /* Preview Content */ = {
			isa = PBXGroup;
			children = (
				9258F6452710FC5F00E35EC9 /* Preview Assets.xcassets */,
			);
			path = "Preview Content";
			sourceTree = "<group>";
		};
		9258F64E2710FC5F00E35EC9 /* ScrumdingerTests */ = {
			isa = PBXGroup;
			children = (
				9258F64F2710FC5F00E35EC9 /* ScrumdingerTests.swift */,
			);
			path = ScrumdingerTests;
			sourceTree = "<group>";
		};
		9258F6582710FC5F00E35EC9 /* ScrumdingerUITests */ = {
			isa = PBXGroup;
			children = (
				9258F6592710FC5F00E35EC9 /* ScrumdingerUITests.swift */,
				9258F65B2710FC5F00E35EC9 /* ScrumdingerUITestsLaunchTests.swift */,
			);
			path = ScrumdingerUITests;
			sourceTree = "<group>";
		};
		9258F668271100FA00E35EC9 /* Models */ = {
			isa = PBXGroup;
			children = (
				9258F6692711011000E35EC9 /* DailyScrum.swift */,
			);
			path = Models;
			sourceTree = "<group>";
		};
/* End PBXGroup section */

/* Begin PBXNativeTarget section */
		9258F63A2710FC5D00E35EC9 /* Scrumdinger */ = {
			isa = PBXNativeTarget;
			buildConfigurationList = 9258F65F2710FC5F00E35EC9 /* Build configuration list for PBXNativeTarget "Scrumdinger" */;
			buildPhases = (
				9258F6372710FC5D00E35EC9 /* Sources */,
				9258F6382710FC5D00E35EC9 /* Frameworks */,
				9258F6392710FC5D00E35EC9 /* Resources */,
			);
			buildRules = (
			);
			dependencies = (
			);
			name = Scrumdinger;
			productName = Scrumdinger;
			productReference = 9258F63B2710FC5D00E35EC9 /* Scrumdinger.app */;
			productType = "com.apple.product-type.application";
		};
		9258F64A2710FC5F00E35EC9 /* ScrumdingerTests */ = {
			isa = PBXNativeTarget;
			buildConfigurationList = 9258F6622710FC5F00E35EC9 /* Build configuration list for PBXNativeTarget "ScrumdingerTests" */;
			buildPhases = (
				9258F6472710FC5F00E35EC9 /* Sources */,
				9258F6482710FC5F00E35EC9 /* Frameworks */,
				9258F6492710FC5F00E35EC9 /* Resources */,
			);
			buildRules = (
			);
			dependencies = (
				9258F64D2710FC5F00E35EC9 /* PBXTargetDependency */,
			);
			name = ScrumdingerTests;
			productName = ScrumdingerTests;
			productReference = 9258F64B2710FC5F00E35EC9 /* ScrumdingerTests.xctest */;
			productType = "com.apple.product-type.bundle.unit-test";
		};
		9258F6542710FC5F00E35EC9 /* ScrumdingerUITests */ = {
			isa = PBXNativeTarget;
			buildConfigurationList = 9258F6652710FC5F00E35EC9 /* Build configuration list for PBXNativeTarget "ScrumdingerUITests" */;
			buildPhases = (
				9258F6512710FC5F00E35EC9 /* Sources */,
				9258F6522710FC5F00E35EC9 /* Frameworks */,
				9258F6532710FC5F00E35EC9 /* Resources */,
			);
			buildRules = (
			);
			dependencies = (
				9258F6572710FC5F00E35EC9 /* PBXTargetDependency */,
			);
			name = ScrumdingerUITests;
			productName = ScrumdingerUITests;
			productReference = 9258F6552710FC5F00E35EC9 /* ScrumdingerUITests.xctest */;
			productType = "com.apple.product-type.bundle.ui-testing";
		};
/* End PBXNativeTarget section */

/* Begin PBXProject section */
		9258F6332710FC5D00E35EC9 /* Project object */ = {
			isa = PBXProject;
			attributes = {
				BuildIndependentTargetsInParallel = 1;
				LastSwiftUpdateCheck = 1300;
				LastUpgradeCheck = 1300;
				TargetAttributes = {
					9258F63A2710FC5D00E35EC9 = {
						CreatedOnToolsVersion = 13.0;
					};
					9258F64A2710FC5F00E35EC9 = {
						CreatedOnToolsVersion = 13.0;
						TestTargetID = 9258F63A2710FC5D00E35EC9;
					};
					9258F6542710FC5F00E35EC9 = {
						CreatedOnToolsVersion = 13.0;
						TestTargetID = 9258F63A2710FC5D00E35EC9;
					};
				};
			};
			buildConfigurationList = 9258F6362710FC5D00E35EC9 /* Build configuration list for PBXProject "Scrumdinger" */;
			compatibilityVersion = "Xcode 13.0";
			developmentRegion = en;
			hasScannedForEncodings = 0;
			knownRegions = (
				en,
				Base,
			);
			mainGroup = 9258F6322710FC5D00E35EC9;
			productRefGroup = 9258F63C2710FC5D00E35EC9 /* Products */;
			projectDirPath = "";
			projectRoot = "";
			targets = (
				9258F63A2710FC5D00E35EC9 /* Scrumdinger */,
				9258F64A2710FC5F00E35EC9 /* ScrumdingerTests */,
				9258F6542710FC5F00E35EC9 /* ScrumdingerUITests */,
			);
		};
/* End PBXProject section */

/* Begin PBXResourcesBuildPhase section */
		9258F6392710FC5D00E35EC9 /* Resources */ = {
			isa = PBXResourcesBuildPhase;
			buildActionMask = 2147483647;
			files = (
				9258F6462710FC5F00E35EC9 /* Preview Assets.xcassets in Resources */,
				9258F6432710FC5F00E35EC9 /* Assets.xcassets in Resources */,
			);
			runOnlyForDeploymentPostprocessing = 0;
		};
		9258F6492710FC5F00E35EC9 /* Resources */ = {
			isa = PBXResourcesBuildPhase;
			buildActionMask = 2147483647;
			files = (
			);
			runOnlyForDeploymentPostprocessing = 0;
		};
		9258F6532710FC5F00E35EC9 /* Resources */ = {
			isa = PBXResourcesBuildPhase;
			buildActionMask = 2147483647;
			files = (
			);
			runOnlyForDeploymentPostprocessing = 0;
		};
/* End PBXResourcesBuildPhase section */

/* Begin PBXSourcesBuildPhase section */
		9258F6372710FC5D00E35EC9 /* Sources */ = {
			isa = PBXSourcesBuildPhase;
			buildActionMask = 2147483647;
			files = (
				9258F6412710FC5D00E35EC9 /* MeetingView.swift in Sources */,
				9258F67027110CB500E35EC9 /* DetailView.swift in Sources */,
				9258F66A2711011000E35EC9 /* DailyScrum.swift in Sources */,
				9258F66C271101FE00E35EC9 /* CardView.swift in Sources */,
				9258F6722711166800E35EC9 /* EditView.swift in Sources */,
				9258F66E271106CA00E35EC9 /* ScrumsView.swift in Sources */,
				9258F63F2710FC5D00E35EC9 /* ScrumdingerApp.swift in Sources */,
			);
			runOnlyForDeploymentPostprocessing = 0;
		};
		9258F6472710FC5F00E35EC9 /* Sources */ = {
			isa = PBXSourcesBuildPhase;
			buildActionMask = 2147483647;
			files = (
				9258F6502710FC5F00E35EC9 /* ScrumdingerTests.swift in Sources */,
			);
			runOnlyForDeploymentPostprocessing = 0;
		};
		9258F6512710FC5F00E35EC9 /* Sources */ = {
			isa = PBXSourcesBuildPhase;
			buildActionMask = 2147483647;
			files = (
				9258F65C2710FC5F00E35EC9 /* ScrumdingerUITestsLaunchTests.swift in Sources */,
				9258F65A2710FC5F00E35EC9 /* ScrumdingerUITests.swift in Sources */,
			);
			runOnlyForDeploymentPostprocessing = 0;
		};
/* End PBXSourcesBuildPhase section */

/* Begin PBXTargetDependency section */
		9258F64D2710FC5F00E35EC9 /* PBXTargetDependency */ = {
			isa = PBXTargetDependency;
			target = 9258F63A2710FC5D00E35EC9 /* Scrumdinger */;
			targetProxy = 9258F64C2710FC5F00E35EC9 /* PBXContainerItemProxy */;
		};
		9258F6572710FC5F00E35EC9 /* PBXTargetDependency */ = {
			isa = PBXTargetDependency;
			target = 9258F63A2710FC5D00E35EC9 /* Scrumdinger */;
			targetProxy = 9258F6562710FC5F00E35EC9 /* PBXContainerItemProxy */;
		};
/* End PBXTargetDependency section */

/* Begin XCBuildConfiguration section */
		9258F65D2710FC5F00E35EC9 /* Debug */ = {
			isa = XCBuildConfiguration;
			buildSettings = {
				ALWAYS_SEARCH_USER_PATHS = NO;
				CLANG_ANALYZER_NONNULL = YES;
				CLANG_ANALYZER_NUMBER_OBJECT_CONVERSION = YES_AGGRESSIVE;
				CLANG_CXX_LANGUAGE_STANDARD = "gnu++17";
				CLANG_CXX_LIBRARY = "libc++";
				CLANG_ENABLE_MODULES = YES;
				CLANG_ENABLE_OBJC_ARC = YES;
				CLANG_ENABLE_OBJC_WEAK = YES;
				CLANG_WARN_BLOCK_CAPTURE_AUTORELEASING = YES;
				CLANG_WARN_BOOL_CONVERSION = YES;
				CLANG_WARN_COMMA = YES;
				CLANG_WARN_CONSTANT_CONVERSION = YES;
				CLANG_WARN_DEPRECATED_OBJC_IMPLEMENTATIONS = YES;
				CLANG_WARN_DIRECT_OBJC_ISA_USAGE = YES_ERROR;
				CLANG_WARN_DOCUMENTATION_COMMENTS = YES;
				CLANG_WARN_EMPTY_BODY = YES;
				CLANG_WARN_ENUM_CONVERSION = YES;
				CLANG_WARN_INFINITE_RECURSION = YES;
				CLANG_WARN_INT_CONVERSION = YES;
				CLANG_WARN_NON_LITERAL_NULL_CONVERSION = YES;
				CLANG_WARN_OBJC_IMPLICIT_RETAIN_SELF = YES;
				CLANG_WARN_OBJC_LITERAL_CONVERSION = YES;
				CLANG_WARN_OBJC_ROOT_CLASS = YES_ERROR;
				CLANG_WARN_QUOTED_INCLUDE_IN_FRAMEWORK_HEADER = YES;
				CLANG_WARN_RANGE_LOOP_ANALYSIS = YES;
				CLANG_WARN_STRICT_PROTOTYPES = YES;
				CLANG_WARN_SUSPICIOUS_MOVE = YES;
				CLANG_WARN_UNGUARDED_AVAILABILITY = YES_AGGRESSIVE;
				CLANG_WARN_UNREACHABLE_CODE = YES;
				CLANG_WARN__DUPLICATE_METHOD_MATCH = YES;
				COPY_PHASE_STRIP = NO;
				DEBUG_INFORMATION_FORMAT = dwarf;
				ENABLE_STRICT_OBJC_MSGSEND = YES;
				ENABLE_TESTABILITY = YES;
				GCC_C_LANGUAGE_STANDARD = gnu11;
				GCC_DYNAMIC_NO_PIC = NO;
				GCC_NO_COMMON_BLOCKS = YES;
				GCC_OPTIMIZATION_LEVEL = 0;
				GCC_PREPROCESSOR_DEFINITIONS = (
					"DEBUG=1",
					"$(inherited)",
				);
				GCC_WARN_64_TO_32_BIT_CONVERSION = YES;
				GCC_WARN_ABOUT_RETURN_TYPE = YES_ERROR;
				GCC_WARN_UNDECLARED_SELECTOR = YES;
				GCC_WARN_UNINITIALIZED_AUTOS = YES_AGGRESSIVE;
				GCC_WARN_UNUSED_FUNCTION = YES;
				GCC_WARN_UNUSED_VARIABLE = YES;
				IPHONEOS_DEPLOYMENT_TARGET = 15.0;
				MTL_ENABLE_DEBUG_INFO = INCLUDE_SOURCE;
				MTL_FAST_MATH = YES;
				ONLY_ACTIVE_ARCH = YES;
				SDKROOT = iphoneos;
				SWIFT_ACTIVE_COMPILATION_CONDITIONS = DEBUG;
				SWIFT_OPTIMIZATION_LEVEL = "-Onone";
			};
			name = Debug;
		};
		9258F65E2710FC5F00E35EC9 /* Release */ = {
			isa = XCBuildConfiguration;
			buildSettings = {
				ALWAYS_SEARCH_USER_PATHS = NO;
				CLANG_ANALYZER_NONNULL = YES;
				CLANG_ANALYZER_NUMBER_OBJECT_CONVERSION = YES_AGGRESSIVE;
				CLANG_CXX_LANGUAGE_STANDARD = "gnu++17";
				CLANG_CXX_LIBRARY = "libc++";
				CLANG_ENABLE_MODULES = YES;
				CLANG_ENABLE_OBJC_ARC = YES;
				CLANG_ENABLE_OBJC_WEAK = YES;
				CLANG_WARN_BLOCK_CAPTURE_AUTORELEASING = YES;
				CLANG_WARN_BOOL_CONVERSION = YES;
				CLANG_WARN_COMMA = YES;
				CLANG_WARN_CONSTANT_CONVERSION = YES;
				CLANG_WARN_DEPRECATED_OBJC_IMPLEMENTATIONS = YES;
				CLANG_WARN_DIRECT_OBJC_ISA_USAGE = YES_ERROR;
				CLANG_WARN_DOCUMENTATION_COMMENTS = YES;
				CLANG_WARN_EMPTY_BODY = YES;
				CLANG_WARN_ENUM_CONVERSION = YES;
				CLANG_WARN_INFINITE_RECURSION = YES;
				CLANG_WARN_INT_CONVERSION = YES;
				CLANG_WARN_NON_LITERAL_NULL_CONVERSION = YES;
				CLANG_WARN_OBJC_IMPLICIT_RETAIN_SELF = YES;
				CLANG_WARN_OBJC_LITERAL_CONVERSION = YES;
				CLANG_WARN_OBJC_ROOT_CLASS = YES_ERROR;
				CLANG_WARN_QUOTED_INCLUDE_IN_FRAMEWORK_HEADER = YES;
				CLANG_WARN_RANGE_LOOP_ANALYSIS = YES;
				CLANG_WARN_STRICT_PROTOTYPES = YES;
				CLANG_WARN_SUSPICIOUS_MOVE = YES;
				CLANG_WARN_UNGUARDED_AVAILABILITY = YES_AGGRESSIVE;
				CLANG_WARN_UNREACHABLE_CODE = YES;
				CLANG_WARN__DUPLICATE_METHOD_MATCH = YES;
				COPY_PHASE_STRIP = NO;
				DEBUG_INFORMATION_FORMAT = "dwarf-with-dsym";
				ENABLE_NS_ASSERTIONS = NO;
				ENABLE_STRICT_OBJC_MSGSEND = YES;
				GCC_C_LANGUAGE_STANDARD = gnu11;
				GCC_NO_COMMON_BLOCKS = YES;
				GCC_WARN_64_TO_32_BIT_CONVERSION = YES;
				GCC_WARN_ABOUT_RETURN_TYPE = YES_ERROR;
				GCC_WARN_UNDECLARED_SELECTOR = YES;
				GCC_WARN_UNINITIALIZED_AUTOS = YES_AGGRESSIVE;
				GCC_WARN_UNUSED_FUNCTION = YES;
				GCC_WARN_UNUSED_VARIABLE = YES;
				IPHONEOS_DEPLOYMENT_TARGET = 15.0;
				MTL_ENABLE_DEBUG_INFO = NO;
				MTL_FAST_MATH = YES;
				SDKROOT = iphoneos;
				SWIFT_COMPILATION_MODE = wholemodule;
				SWIFT_OPTIMIZATION_LEVEL = "-O";
				VALIDATE_PRODUCT = YES;
			};
			name = Release;
		};
		9258F6602710FC5F00E35EC9 /* Debug */ = {
			isa = XCBuildConfiguration;
			buildSettings = {
				ASSETCATALOG_COMPILER_APPICON_NAME = AppIcon;
				ASSETCATALOG_COMPILER_GLOBAL_ACCENT_COLOR_NAME = AccentColor;
				CODE_SIGN_STYLE = Automatic;
				CURRENT_PROJECT_VERSION = 1;
				DEVELOPMENT_ASSET_PATHS = "\"Scrumdinger/Preview Content\"";
				DEVELOPMENT_TEAM = VYPXZ52Y97;
				ENABLE_PREVIEWS = YES;
				GENERATE_INFOPLIST_FILE = YES;
				INFOPLIST_KEY_UIApplicationSceneManifest_Generation = YES;
				INFOPLIST_KEY_UIApplicationSupportsIndirectInputEvents = YES;
				INFOPLIST_KEY_UILaunchScreen_Generation = YES;
				INFOPLIST_KEY_UISupportedInterfaceOrientations_iPad = "UIInterfaceOrientationPortrait UIInterfaceOrientationPortraitUpsideDown UIInterfaceOrientationLandscapeLeft UIInterfaceOrientationLandscapeRight";
				INFOPLIST_KEY_UISupportedInterfaceOrientations_iPhone = "UIInterfaceOrientationPortrait UIInterfaceOrientationLandscapeLeft UIInterfaceOrientationLandscapeRight";
				IPHONEOS_DEPLOYMENT_TARGET = 14.0;
				LD_RUNPATH_SEARCH_PATHS = (
					"$(inherited)",
					"@executable_path/Frameworks",
				);
				MARKETING_VERSION = 1.0;
				PRODUCT_BUNDLE_IDENTIFIER = xyz.advaitambeskar.Scrumdinger;
				PRODUCT_NAME = "$(TARGET_NAME)";
				SWIFT_EMIT_LOC_STRINGS = YES;
				SWIFT_VERSION = 5.0;
				TARGETED_DEVICE_FAMILY = "1,2";
			};
			name = Debug;
		};
		9258F6612710FC5F00E35EC9 /* Release */ = {
			isa = XCBuildConfiguration;
			buildSettings = {
				ASSETCATALOG_COMPILER_APPICON_NAME = AppIcon;
				ASSETCATALOG_COMPILER_GLOBAL_ACCENT_COLOR_NAME = AccentColor;
				CODE_SIGN_STYLE = Automatic;
				CURRENT_PROJECT_VERSION = 1;
				DEVELOPMENT_ASSET_PATHS = "\"Scrumdinger/Preview Content\"";
				DEVELOPMENT_TEAM = VYPXZ52Y97;
				ENABLE_PREVIEWS = YES;
				GENERATE_INFOPLIST_FILE = YES;
				INFOPLIST_KEY_UIApplicationSceneManifest_Generation = YES;
				INFOPLIST_KEY_UIApplicationSupportsIndirectInputEvents = YES;
				INFOPLIST_KEY_UILaunchScreen_Generation = YES;
				INFOPLIST_KEY_UISupportedInterfaceOrientations_iPad = "UIInterfaceOrientationPortrait UIInterfaceOrientationPortraitUpsideDown UIInterfaceOrientationLandscapeLeft UIInterfaceOrientationLandscapeRight";
				INFOPLIST_KEY_UISupportedInterfaceOrientations_iPhone = "UIInterfaceOrientationPortrait UIInterfaceOrientationLandscapeLeft UIInterfaceOrientationLandscapeRight";
				IPHONEOS_DEPLOYMENT_TARGET = 14.0;
				LD_RUNPATH_SEARCH_PATHS = (
					"$(inherited)",
					"@executable_path/Frameworks",
				);
				MARKETING_VERSION = 1.0;
				PRODUCT_BUNDLE_IDENTIFIER = xyz.advaitambeskar.Scrumdinger;
				PRODUCT_NAME = "$(TARGET_NAME)";
				SWIFT_EMIT_LOC_STRINGS = YES;
				SWIFT_VERSION = 5.0;
				TARGETED_DEVICE_FAMILY = "1,2";
			};
			name = Release;
		};
		9258F6632710FC5F00E35EC9 /* Debug */ = {
			isa = XCBuildConfiguration;
			buildSettings = {
				ALWAYS_EMBED_SWIFT_STANDARD_LIBRARIES = YES;
				BUNDLE_LOADER = "$(TEST_HOST)";
				CODE_SIGN_STYLE = Automatic;
				CURRENT_PROJECT_VERSION = 1;
				DEVELOPMENT_TEAM = VYPXZ52Y97;
				GENERATE_INFOPLIST_FILE = YES;
				IPHONEOS_DEPLOYMENT_TARGET = 14.0;
				LD_RUNPATH_SEARCH_PATHS = (
					"$(inherited)",
					"@executable_path/Frameworks",
					"@loader_path/Frameworks",
				);
				MARKETING_VERSION = 1.0;
				PRODUCT_BUNDLE_IDENTIFIER = xyz.advaitambeskar.ScrumdingerTests;
				PRODUCT_NAME = "$(TARGET_NAME)";
				SWIFT_EMIT_LOC_STRINGS = NO;
				SWIFT_VERSION = 5.0;
				TARGETED_DEVICE_FAMILY = "1,2";
				TEST_HOST = "$(BUILT_PRODUCTS_DIR)/Scrumdinger.app/Scrumdinger";
			};
			name = Debug;
		};
		9258F6642710FC5F00E35EC9 /* Release */ = {
			isa = XCBuildConfiguration;
			buildSettings = {
				ALWAYS_EMBED_SWIFT_STANDARD_LIBRARIES = YES;
				BUNDLE_LOADER = "$(TEST_HOST)";
				CODE_SIGN_STYLE = Automatic;
				CURRENT_PROJECT_VERSION = 1;
				DEVELOPMENT_TEAM = VYPXZ52Y97;
				GENERATE_INFOPLIST_FILE = YES;
				IPHONEOS_DEPLOYMENT_TARGET = 14.0;
				LD_RUNPATH_SEARCH_PATHS = (
					"$(inherited)",
					"@executable_path/Frameworks",
					"@loader_path/Frameworks",
				);
				MARKETING_VERSION = 1.0;
				PRODUCT_BUNDLE_IDENTIFIER = xyz.advaitambeskar.ScrumdingerTests;
				PRODUCT_NAME = "$(TARGET_NAME)";
				SWIFT_EMIT_LOC_STRINGS = NO;
				SWIFT_VERSION = 5.0;
				TARGETED_DEVICE_FAMILY = "1,2";
				TEST_HOST = "$(BUILT_PRODUCTS_DIR)/Scrumdinger.app/Scrumdinger";
			};
			name = Release;
		};
		9258F6662710FC5F00E35EC9 /* Debug */ = {
			isa = XCBuildConfiguration;
			buildSettings = {
				ALWAYS_EMBED_SWIFT_STANDARD_LIBRARIES = YES;
				CODE_SIGN_STYLE = Automatic;
				CURRENT_PROJECT_VERSION = 1;
				DEVELOPMENT_TEAM = VYPXZ52Y97;
				GENERATE_INFOPLIST_FILE = YES;
				LD_RUNPATH_SEARCH_PATHS = (
					"$(inherited)",
					"@executable_path/Frameworks",
					"@loader_path/Frameworks",
				);
				MARKETING_VERSION = 1.0;
				PRODUCT_BUNDLE_IDENTIFIER = xyz.advaitambeskar.ScrumdingerUITests;
				PRODUCT_NAME = "$(TARGET_NAME)";
				SWIFT_EMIT_LOC_STRINGS = NO;
				SWIFT_VERSION = 5.0;
				TARGETED_DEVICE_FAMILY = "1,2";
				TEST_TARGET_NAME = Scrumdinger;
			};
			name = Debug;
		};
		9258F6672710FC5F00E35EC9 /* Release */ = {
			isa = XCBuildConfiguration;
			buildSettings = {
				ALWAYS_EMBED_SWIFT_STANDARD_LIBRARIES = YES;
				CODE_SIGN_STYLE = Automatic;
				CURRENT_PROJECT_VERSION = 1;
				DEVELOPMENT_TEAM = VYPXZ52Y97;
				GENERATE_INFOPLIST_FILE = YES;
				LD_RUNPATH_SEARCH_PATHS = (
					"$(inherited)",
					"@executable_path/Frameworks",
					"@loader_path/Frameworks",
				);
				MARKETING_VERSION = 1.0;
				PRODUCT_BUNDLE_IDENTIFIER = xyz.advaitambeskar.ScrumdingerUITests;
				PRODUCT_NAME = "$(TARGET_NAME)";
				SWIFT_EMIT_LOC_STRINGS = NO;
				SWIFT_VERSION = 5.0;
				TARGETED_DEVICE_FAMILY = "1,2";
				TEST_TARGET_NAME = Scrumdinger;
			};
			name = Release;
		};
/* End XCBuildConfiguration section */

/* Begin XCConfigurationList section */
		9258F6362710FC5D00E35EC9 /* Build configuration list for PBXProject "Scrumdinger" */ = {
			isa = XCConfigurationList;
			buildConfigurations = (
				9258F65D2710FC5F00E35EC9 /* Debug */,
				9258F65E2710FC5F00E35EC9 /* Release */,
			);
			defaultConfigurationIsVisible = 0;
			defaultConfigurationName = Release;
		};
		9258F65F2710FC5F00E35EC9 /* Build configuration list for PBXNativeTarget "Scrumdinger" */ = {
			isa = XCConfigurationList;
			buildConfigurations = (
				9258F6602710FC5F00E35EC9 /* Debug */,
				9258F6612710FC5F00E35EC9 /* Release */,
			);
			defaultConfigurationIsVisible = 0;
			defaultConfigurationName = Release;
		};
		9258F6622710FC5F00E35EC9 /* Build configuration list for PBXNativeTarget "ScrumdingerTests" */ = {
			isa = XCConfigurationList;
			buildConfigurations = (
				9258F6632710FC5F00E35EC9 /* Debug */,
				9258F6642710FC5F00E35EC9 /* Release */,
			);
			defaultConfigurationIsVisible = 0;
			defaultConfigurationName = Release;
		};
		9258F6652710FC5F00E35EC9 /* Build configuration list for PBXNativeTarget "ScrumdingerUITests" */ = {
			isa = XCConfigurationList;
			buildConfigurations = (
				9258F6662710FC5F00E35EC9 /* Debug */,
				9258F6672710FC5F00E35EC9 /* Release */,
			);
			defaultConfigurationIsVisible = 0;
			defaultConfigurationName = Release;
		};
/* End XCConfigurationList section */
	};
	rootObject = 9258F6332710FC5D00E35EC9 /* Project object */;
}
